
Microsoft Visual Studio Solution File, Format Version 12.00
# Visual Studio Version 17
VisualStudioVersion = 17.7.34202.233
MinimumVisualStudioVersion = 10.0.40219.1
Project("{FAE04EC0-301F-11D3-BF4B-00C04F79EFBC}") = "Step_2_OOP", "Step_2_OOP\Step_2_OOP.csproj", "{4D7AAC47-F808-404A-9082-5CF0BA8F2F21}"
EndProject
Global
	GlobalSection(SolutionConfigurationPlatforms) = preSolution
		Debug|Any CPU = Debug|Any CPU
		Release|Any CPU = Release|Any CPU
	EndGlobalSection
	GlobalSection(ProjectConfigurationPlatforms) = postSolution
		{0FB0AEEF-35A7-4447-8C37-24C7330CA399}.Debug|Any CPU.ActiveCfg = Debug|Any CPU
		{0FB0AEEF-35A7-4447-8C37-24C7330CA399}.Debug|Any CPU.Build.0 = Debug|Any CPU
		{0FB0AEEF-35A7-4447-8C37-24C7330CA399}.Release|Any CPU.ActiveCfg = Release|Any CPU
		{0FB0AEEF-35A7-4447-8C37-24C7330CA399}.Release|Any CPU.Build.0 = Release|Any CPU
		{4D7AAC47-F808-404A-9082-5CF0BA8F2F21}.Debug|Any CPU.ActiveCfg = Debug|Any CPU
		{4D7AAC47-F808-404A-9082-5CF0BA8F2F21}.Debug|Any CPU.Build.0 = Debug|Any CPU
		{4D7AAC47-F808-404A-9082-5CF0BA8F2F21}.Release|Any CPU.ActiveCfg = Release|Any CPU
		{4D7AAC47-F808-404A-9082-5CF0BA8F2F21}.Release|Any CPU.Build.0 = Release|Any CPU
		{DE1994EF-3D52-4260-B0AC-B60038B44B54}.Debug|Any CPU.ActiveCfg = Debug|Any CPU
		{DE1994EF-3D52-4260-B0AC-B60038B44B54}.Debug|Any CPU.Build.0 = Debug|Any CPU
		{DE1994EF-3D52-4260-B0AC-B60038B44B54}.Release|Any CPU.ActiveCfg = Release|Any CPU
		{DE1994EF-3D52-4260-B0AC-B60038B44B54}.Release|Any CPU.Build.0 = Release|Any CPU
		{0B6EBA1B-26FA-4AA0-9267-F32161B463E3}.Debug|Any CPU.ActiveCfg = Debug|Any CPU
		{0B6EBA1B-26FA-4AA0-9267-F32161B463E3}.Debug|Any CPU.Build.0 = Debug|Any CPU
		{0B6EBA1B-26FA-4AA0-9267-F32161B463E3}.Release|Any CPU.ActiveCfg = Release|Any CPU
		{0B6EBA1B-26FA-4AA0-9267-F32161B463E3}.Release|Any CPU.Build.0 = Release|Any CPU
		{BF6F54EC-80F7-401D-9C50-790B1DAD77D3}.Debug|Any CPU.ActiveCfg = Debug|Any CPU
		{BF6F54EC-80F7-401D-9C50-790B1DAD77D3}.Debug|Any CPU.Build.0 = Debug|Any CPU
		{BF6F54EC-80F7-401D-9C50-790B1DAD77D3}.Release|Any CPU.ActiveCfg = Release|Any CPU
		{BF6F54EC-80F7-401D-9C50-790B1DAD77D3}.Release|Any CPU.Build.0 = Release|Any CPU
	EndGlobalSection
	GlobalSection(SolutionProperties) = preSolution
		HideSolutionNode = FALSE
	EndGlobalSection
	GlobalSection(ExtensibilityGlobals) = postSolution
		SolutionGuid = {93D540CD-1154-4139-B676-6B78EADDA3E6}
	EndGlobalSection
EndGlobal
