
Microsoft Visual Studio Solution File, Format Version 12.00
# Visual Studio Version 17
VisualStudioVersion = 17.7.34202.233
MinimumVisualStudioVersion = 10.0.40219.1
Project("{9A19103F-16F7-4668-BE54-9A1E7A4F7556}") = "Step_3_Commands_Tests", "Step_3_Commands_Tests\Step_3_Commands_Tests.csproj", "{8C3A5D66-27C5-4EA8-A41E-A9590CAF2049}"
EndProject
Project("{9A19103F-16F7-4668-BE54-9A1E7A4F7556}") = "Step_2_Components_Tests", "Step_2_Components_Tests\Step_2_Components_Tests.csproj", "{5CCE4EA4-7EC8-4F28-8D3C-450170D1E20C}"
EndProject
Project("{9A19103F-16F7-4668-BE54-9A1E7A4F7556}") = "Step_1_Objects", "Step_1_Objects\Step_1_Objects.csproj", "{E7182FC8-86A6-40B7-A8FE-02096857006D}"
EndProject
Project("{9A19103F-16F7-4668-BE54-9A1E7A4F7556}") = "Step_1_Objects_Tests", "Step_1_Objects_Tests\Step_1_Objects_Tests.csproj", "{B04F918F-3F22-4192-969E-0D09808886B0}"
EndProject
Project("{9A19103F-16F7-4668-BE54-9A1E7A4F7556}") = "Step_2_Components", "Step_2_Components\Step_2_Components.csproj", "{EA7198AC-6555-44B7-ACCA-129F94DB961D}"
EndProject
Project("{9A19103F-16F7-4668-BE54-9A1E7A4F7556}") = "Step_3_Commands", "Step_3_Commands\Step_3_Commands.csproj", "{D2E2567C-0049-4C34-A9A4-09B6B87DD91A}"
EndProject
Global
	GlobalSection(SolutionConfigurationPlatforms) = preSolution
		Debug|Any CPU = Debug|Any CPU
		Release|Any CPU = Release|Any CPU
	EndGlobalSection
	GlobalSection(ProjectConfigurationPlatforms) = postSolution
		{8C3A5D66-27C5-4EA8-A41E-A9590CAF2049}.Debug|Any CPU.ActiveCfg = Debug|Any CPU
		{8C3A5D66-27C5-4EA8-A41E-A9590CAF2049}.Debug|Any CPU.Build.0 = Debug|Any CPU
		{8C3A5D66-27C5-4EA8-A41E-A9590CAF2049}.Release|Any CPU.ActiveCfg = Release|Any CPU
		{8C3A5D66-27C5-4EA8-A41E-A9590CAF2049}.Release|Any CPU.Build.0 = Release|Any CPU
		{5CCE4EA4-7EC8-4F28-8D3C-450170D1E20C}.Debug|Any CPU.ActiveCfg = Debug|Any CPU
		{5CCE4EA4-7EC8-4F28-8D3C-450170D1E20C}.Debug|Any CPU.Build.0 = Debug|Any CPU
		{5CCE4EA4-7EC8-4F28-8D3C-450170D1E20C}.Release|Any CPU.ActiveCfg = Release|Any CPU
		{5CCE4EA4-7EC8-4F28-8D3C-450170D1E20C}.Release|Any CPU.Build.0 = Release|Any CPU
		{E7182FC8-86A6-40B7-A8FE-02096857006D}.Debug|Any CPU.ActiveCfg = Debug|Any CPU
		{E7182FC8-86A6-40B7-A8FE-02096857006D}.Debug|Any CPU.Build.0 = Debug|Any CPU
		{E7182FC8-86A6-40B7-A8FE-02096857006D}.Release|Any CPU.ActiveCfg = Release|Any CPU
		{E7182FC8-86A6-40B7-A8FE-02096857006D}.Release|Any CPU.Build.0 = Release|Any CPU
		{B04F918F-3F22-4192-969E-0D09808886B0}.Debug|Any CPU.ActiveCfg = Debug|Any CPU
		{B04F918F-3F22-4192-969E-0D09808886B0}.Debug|Any CPU.Build.0 = Debug|Any CPU
		{B04F918F-3F22-4192-969E-0D09808886B0}.Release|Any CPU.ActiveCfg = Release|Any CPU
		{B04F918F-3F22-4192-969E-0D09808886B0}.Release|Any CPU.Build.0 = Release|Any CPU
		{EA7198AC-6555-44B7-ACCA-129F94DB961D}.Debug|Any CPU.ActiveCfg = Debug|Any CPU
		{EA7198AC-6555-44B7-ACCA-129F94DB961D}.Debug|Any CPU.Build.0 = Debug|Any CPU
		{EA7198AC-6555-44B7-ACCA-129F94DB961D}.Release|Any CPU.ActiveCfg = Release|Any CPU
		{EA7198AC-6555-44B7-ACCA-129F94DB961D}.Release|Any CPU.Build.0 = Release|Any CPU
		{D2E2567C-0049-4C34-A9A4-09B6B87DD91A}.Debug|Any CPU.ActiveCfg = Debug|Any CPU
		{D2E2567C-0049-4C34-A9A4-09B6B87DD91A}.Debug|Any CPU.Build.0 = Debug|Any CPU
		{D2E2567C-0049-4C34-A9A4-09B6B87DD91A}.Release|Any CPU.ActiveCfg = Release|Any CPU
		{D2E2567C-0049-4C34-A9A4-09B6B87DD91A}.Release|Any CPU.Build.0 = Release|Any CPU
	EndGlobalSection
	GlobalSection(SolutionProperties) = preSolution
		HideSolutionNode = FALSE
	EndGlobalSection
	GlobalSection(ExtensibilityGlobals) = postSolution
		SolutionGuid = {93D540CD-1154-4139-B676-6B78EADDA3E6}
	EndGlobalSection
EndGlobal
